
Microsoft Visual Studio Solution File, Format Version 12.00
# Visual Studio 15
VisualStudioVersion = 15.0.27703.2035
MinimumVisualStudioVersion = 10.0.40219.1
Project("{8BC9CEB8-8B4A-11D0-8D11-00A0C91BC942}") = "builderPattern", "designpattern\designpattern.vcxproj", "{F6D241AF-A223-4D07-A78D-9142CFF780CD}"
EndProject
Project("{8BC9CEB8-8B4A-11D0-8D11-00A0C91BC942}") = "prototypePattern", "prototypePattern\prototypePattern.vcxproj", "{7A39F38C-504F-4FD6-AB6F-CDAE288D780E}"
EndProject
Project("{8BC9CEB8-8B4A-11D0-8D11-00A0C91BC942}") = "bridgePattern", "bridgePattern\bridgePattern.vcxproj", "{39D30E00-F552-4B08-9D42-1493DA3BB658}"
EndProject
Project("{8BC9CEB8-8B4A-11D0-8D11-00A0C91BC942}") = "compositePattern", "compositePattern\compositePattern.vcxproj", "{76B0C24C-6168-41BA-A879-ED02945C6A15}"
EndProject
Project("{8BC9CEB8-8B4A-11D0-8D11-00A0C91BC942}") = "decoratorPattern", "decoratorPattern\decoratorPattern.vcxproj", "{DDAFAE09-00C4-4740-B2A0-5ADF0637BBBB}"
EndProject
Project("{8BC9CEB8-8B4A-11D0-8D11-00A0C91BC942}") = "commandPattern", "commandPattern\commandPattern.vcxproj", "{7982C4CA-650C-45EB-81BB-6433D969D2FB}"
EndProject
Project("{8BC9CEB8-8B4A-11D0-8D11-00A0C91BC942}") = "visitorPattern", "visitorPattern\visitorPattern.vcxproj", "{C88F99DA-17DD-4444-A531-BDAF1234E3EE}"
EndProject
Global
	GlobalSection(SolutionConfigurationPlatforms) = preSolution
		Debug|x64 = Debug|x64
		Debug|x86 = Debug|x86
		Release|x64 = Release|x64
		Release|x86 = Release|x86
	EndGlobalSection
	GlobalSection(ProjectConfigurationPlatforms) = postSolution
		{F6D241AF-A223-4D07-A78D-9142CFF780CD}.Debug|x64.ActiveCfg = Debug|x64
		{F6D241AF-A223-4D07-A78D-9142CFF780CD}.Debug|x64.Build.0 = Debug|x64
		{F6D241AF-A223-4D07-A78D-9142CFF780CD}.Debug|x86.ActiveCfg = Debug|Win32
		{F6D241AF-A223-4D07-A78D-9142CFF780CD}.Debug|x86.Build.0 = Debug|Win32
		{F6D241AF-A223-4D07-A78D-9142CFF780CD}.Release|x64.ActiveCfg = Release|x64
		{F6D241AF-A223-4D07-A78D-9142CFF780CD}.Release|x64.Build.0 = Release|x64
		{F6D241AF-A223-4D07-A78D-9142CFF780CD}.Release|x86.ActiveCfg = Release|Win32
		{F6D241AF-A223-4D07-A78D-9142CFF780CD}.Release|x86.Build.0 = Release|Win32
		{7A39F38C-504F-4FD6-AB6F-CDAE288D780E}.Debug|x64.ActiveCfg = Debug|x64
		{7A39F38C-504F-4FD6-AB6F-CDAE288D780E}.Debug|x64.Build.0 = Debug|x64
		{7A39F38C-504F-4FD6-AB6F-CDAE288D780E}.Debug|x86.ActiveCfg = Debug|Win32
		{7A39F38C-504F-4FD6-AB6F-CDAE288D780E}.Debug|x86.Build.0 = Debug|Win32
		{7A39F38C-504F-4FD6-AB6F-CDAE288D780E}.Release|x64.ActiveCfg = Release|x64
		{7A39F38C-504F-4FD6-AB6F-CDAE288D780E}.Release|x64.Build.0 = Release|x64
		{7A39F38C-504F-4FD6-AB6F-CDAE288D780E}.Release|x86.ActiveCfg = Release|Win32
		{7A39F38C-504F-4FD6-AB6F-CDAE288D780E}.Release|x86.Build.0 = Release|Win32
		{39D30E00-F552-4B08-9D42-1493DA3BB658}.Debug|x64.ActiveCfg = Debug|x64
		{39D30E00-F552-4B08-9D42-1493DA3BB658}.Debug|x64.Build.0 = Debug|x64
		{39D30E00-F552-4B08-9D42-1493DA3BB658}.Debug|x86.ActiveCfg = Debug|Win32
		{39D30E00-F552-4B08-9D42-1493DA3BB658}.Debug|x86.Build.0 = Debug|Win32
		{39D30E00-F552-4B08-9D42-1493DA3BB658}.Release|x64.ActiveCfg = Release|x64
		{39D30E00-F552-4B08-9D42-1493DA3BB658}.Release|x64.Build.0 = Release|x64
		{39D30E00-F552-4B08-9D42-1493DA3BB658}.Release|x86.ActiveCfg = Release|Win32
		{39D30E00-F552-4B08-9D42-1493DA3BB658}.Release|x86.Build.0 = Release|Win32
		{76B0C24C-6168-41BA-A879-ED02945C6A15}.Debug|x64.ActiveCfg = Debug|x64
		{76B0C24C-6168-41BA-A879-ED02945C6A15}.Debug|x64.Build.0 = Debug|x64
		{76B0C24C-6168-41BA-A879-ED02945C6A15}.Debug|x86.ActiveCfg = Debug|Win32
		{76B0C24C-6168-41BA-A879-ED02945C6A15}.Debug|x86.Build.0 = Debug|Win32
		{76B0C24C-6168-41BA-A879-ED02945C6A15}.Release|x64.ActiveCfg = Release|x64
		{76B0C24C-6168-41BA-A879-ED02945C6A15}.Release|x64.Build.0 = Release|x64
		{76B0C24C-6168-41BA-A879-ED02945C6A15}.Release|x86.ActiveCfg = Release|Win32
		{76B0C24C-6168-41BA-A879-ED02945C6A15}.Release|x86.Build.0 = Release|Win32
		{DDAFAE09-00C4-4740-B2A0-5ADF0637BBBB}.Debug|x64.ActiveCfg = Debug|x64
		{DDAFAE09-00C4-4740-B2A0-5ADF0637BBBB}.Debug|x64.Build.0 = Debug|x64
		{DDAFAE09-00C4-4740-B2A0-5ADF0637BBBB}.Debug|x86.ActiveCfg = Debug|Win32
		{DDAFAE09-00C4-4740-B2A0-5ADF0637BBBB}.Debug|x86.Build.0 = Debug|Win32
		{DDAFAE09-00C4-4740-B2A0-5ADF0637BBBB}.Release|x64.ActiveCfg = Release|x64
		{DDAFAE09-00C4-4740-B2A0-5ADF0637BBBB}.Release|x64.Build.0 = Release|x64
		{DDAFAE09-00C4-4740-B2A0-5ADF0637BBBB}.Release|x86.ActiveCfg = Release|Win32
		{DDAFAE09-00C4-4740-B2A0-5ADF0637BBBB}.Release|x86.Build.0 = Release|Win32
		{7982C4CA-650C-45EB-81BB-6433D969D2FB}.Debug|x64.ActiveCfg = Debug|x64
		{7982C4CA-650C-45EB-81BB-6433D969D2FB}.Debug|x64.Build.0 = Debug|x64
		{7982C4CA-650C-45EB-81BB-6433D969D2FB}.Debug|x86.ActiveCfg = Debug|Win32
		{7982C4CA-650C-45EB-81BB-6433D969D2FB}.Debug|x86.Build.0 = Debug|Win32
		{7982C4CA-650C-45EB-81BB-6433D969D2FB}.Release|x64.ActiveCfg = Release|x64
		{7982C4CA-650C-45EB-81BB-6433D969D2FB}.Release|x64.Build.0 = Release|x64
		{7982C4CA-650C-45EB-81BB-6433D969D2FB}.Release|x86.ActiveCfg = Release|Win32
		{7982C4CA-650C-45EB-81BB-6433D969D2FB}.Release|x86.Build.0 = Release|Win32
		{C88F99DA-17DD-4444-A531-BDAF1234E3EE}.Debug|x64.ActiveCfg = Debug|x64
		{C88F99DA-17DD-4444-A531-BDAF1234E3EE}.Debug|x64.Build.0 = Debug|x64
		{C88F99DA-17DD-4444-A531-BDAF1234E3EE}.Debug|x86.ActiveCfg = Debug|Win32
		{C88F99DA-17DD-4444-A531-BDAF1234E3EE}.Debug|x86.Build.0 = Debug|Win32
		{C88F99DA-17DD-4444-A531-BDAF1234E3EE}.Release|x64.ActiveCfg = Release|x64
		{C88F99DA-17DD-4444-A531-BDAF1234E3EE}.Release|x64.Build.0 = Release|x64
		{C88F99DA-17DD-4444-A531-BDAF1234E3EE}.Release|x86.ActiveCfg = Release|Win32
		{C88F99DA-17DD-4444-A531-BDAF1234E3EE}.Release|x86.Build.0 = Release|Win32
	EndGlobalSection
	GlobalSection(SolutionProperties) = preSolution
		HideSolutionNode = FALSE
	EndGlobalSection
	GlobalSection(ExtensibilityGlobals) = postSolution
		SolutionGuid = {18808B31-817D-4B40-989C-453ADB2B3A40}
	EndGlobalSection
EndGlobal
